NeoBundleLock PDV--phpDocumentor-for-Vim e52f5dd84317541cb9249645b4dcd5009153391f
NeoBundleLock emmet-vim 1a9c1493ab90123260a9a7a0944daf5ee4add0fc
NeoBundleLock html5.vim 93144aea5adee78e008be4d3c8a40a84bc221385
NeoBundleLock neobundle.vim 88951d60547595606ea0ca8f28f643d2506f2714
NeoBundleLock syntastic dfb263775bbf1d43350591b84bc53c925dcb7430
NeoBundleLock typescript-vim 7e25a901af7cd993498cc9ecfc833ca2ac21db7a
NeoBundleLock vim-blade c55a58bbff55ee9d3027272d58f85c761fda77fa
NeoBundleLock vim-hybrid cc58baabeabc7b83768e25b852bf89c34756bf90
NeoBundleLock vim-indent-guides 018298ead9d3aa9cd3b4ae222f81022a33978b09
NeoBundleLock vim-javascript-syntax 6222b85824cb38f169d0c99cc586daa55d8ec01c
NeoBundleLock vim-js-indent 7a3d495d159c95f949216667fc5fab28ab109303
NeoBundleLock vim-jsdoc 45c7c7cef440a29f7bf24436640413e3d5d578ff
NeoBundleLock vim-jsx-riot 83d23e6cf4712ccc7e93dacf092ff3fe695e4535
NeoBundleLock vim-php-cs-fixer 453bc33f027a23f1cbd9c7915e9ba3774e54f4f0
NeoBundleLock vim-riot 1b1b35936262d5bdb32f9205f303f10e4b260ec9
NeoBundleLock yajs.vim 493aefe55c2d8c60bfb650576c98af49faa82f84
